
Microsoft Visual Studio Solution File, Format Version 12.00
# Visual Studio 14
VisualStudioVersion = 14.0.25420.1
MinimumVisualStudioVersion = 10.0.40219.1
Project("{FAE04EC0-301F-11D3-BF4B-00C04F79EFBC}") = "APP.Web.Backoffice.Website", "APP.Web.Backoffice\APP.Web.Backoffice.Website.csproj", "{687907A6-4BA0-4852-BBDD-F795205746F4}"
EndProject
Project("{FAE04EC0-301F-11D3-BF4B-00C04F79EFBC}") = "APP.Web.Common", "..\APP.Web.Common\APP.Web.Common.csproj", "{BB6D7F08-D46E-48CE-9641-98CA6CC52D5F}"
EndProject
Project("{FAE04EC0-301F-11D3-BF4B-00C04F79EFBC}") = "APP.Web.Backoffice.BLL", "APP.Web.Backoffice.BLL\APP.Web.Backoffice.BLL.csproj", "{326C2010-1825-425B-ACA8-C48832BA1CA4}"
EndProject
Global
	GlobalSection(SolutionConfigurationPlatforms) = preSolution
		Debug|Any CPU = Debug|Any CPU
		Release|Any CPU = Release|Any CPU
	EndGlobalSection
	GlobalSection(ProjectConfigurationPlatforms) = postSolution
		{687907A6-4BA0-4852-BBDD-F795205746F4}.Debug|Any CPU.ActiveCfg = Debug|Any CPU
		{687907A6-4BA0-4852-BBDD-F795205746F4}.Debug|Any CPU.Build.0 = Debug|Any CPU
		{687907A6-4BA0-4852-BBDD-F795205746F4}.Release|Any CPU.ActiveCfg = Release|Any CPU
		{687907A6-4BA0-4852-BBDD-F795205746F4}.Release|Any CPU.Build.0 = Release|Any CPU
		{BB6D7F08-D46E-48CE-9641-98CA6CC52D5F}.Debug|Any CPU.ActiveCfg = Debug|Any CPU
		{BB6D7F08-D46E-48CE-9641-98CA6CC52D5F}.Debug|Any CPU.Build.0 = Debug|Any CPU
		{BB6D7F08-D46E-48CE-9641-98CA6CC52D5F}.Release|Any CPU.ActiveCfg = Release|Any CPU
		{BB6D7F08-D46E-48CE-9641-98CA6CC52D5F}.Release|Any CPU.Build.0 = Release|Any CPU
		{326C2010-1825-425B-ACA8-C48832BA1CA4}.Debug|Any CPU.ActiveCfg = Debug|Any CPU
		{326C2010-1825-425B-ACA8-C48832BA1CA4}.Debug|Any CPU.Build.0 = Debug|Any CPU
		{326C2010-1825-425B-ACA8-C48832BA1CA4}.Release|Any CPU.ActiveCfg = Release|Any CPU
		{326C2010-1825-425B-ACA8-C48832BA1CA4}.Release|Any CPU.Build.0 = Release|Any CPU
	EndGlobalSection
	GlobalSection(SolutionProperties) = preSolution
		HideSolutionNode = FALSE
	EndGlobalSection
EndGlobal
